{
  "requires": true,
  "lockfileVersion": 1,
  "dependencies": {
    "phonegap-plugin-local-notification": {
      "version": "git+https://github.com/phonegap/phonegap-plugin-local-notification.git#5bee3ea857655d733a8760498df140902cd6f031",
      "from": "git+https://github.com/phonegap/phonegap-plugin-local-notification.git"
    }
  }
}
